
Microsoft Visual Studio Solution File, Format Version 12.00
# Visual Studio Version 17
VisualStudioVersion = 17.7.34018.315
MinimumVisualStudioVersion = 10.0.40219.1
Project("{8BC9CEB8-8B4A-11D0-8D11-00A0C91BC942}") = "zad1tree", "zad1tree\zad1tree.vcxproj", "{61CFB546-5613-4137-A2F8-6DD6E143448B}"
EndProject
Global
	GlobalSection(SolutionConfigurationPlatforms) = preSolution
		Debug|x64 = Debug|x64
		Debug|x86 = Debug|x86
		Release|x64 = Release|x64
		Release|x86 = Release|x86
	EndGlobalSection
	GlobalSection(ProjectConfigurationPlatforms) = postSolution
		{61CFB546-5613-4137-A2F8-6DD6E143448B}.Debug|x64.ActiveCfg = Debug|x64
		{61CFB546-5613-4137-A2F8-6DD6E143448B}.Debug|x64.Build.0 = Debug|x64
		{61CFB546-5613-4137-A2F8-6DD6E143448B}.Debug|x86.ActiveCfg = Debug|Win32
		{61CFB546-5613-4137-A2F8-6DD6E143448B}.Debug|x86.Build.0 = Debug|Win32
		{61CFB546-5613-4137-A2F8-6DD6E143448B}.Release|x64.ActiveCfg = Release|x64
		{61CFB546-5613-4137-A2F8-6DD6E143448B}.Release|x64.Build.0 = Release|x64
		{61CFB546-5613-4137-A2F8-6DD6E143448B}.Release|x86.ActiveCfg = Release|Win32
		{61CFB546-5613-4137-A2F8-6DD6E143448B}.Release|x86.Build.0 = Release|Win32
	EndGlobalSection
	GlobalSection(SolutionProperties) = preSolution
		HideSolutionNode = FALSE
	EndGlobalSection
	GlobalSection(ExtensibilityGlobals) = postSolution
		SolutionGuid = {8EACED55-73EB-448F-B117-FB8A9A086808}
	EndGlobalSection
EndGlobal
